
Microsoft Visual Studio Solution File, Format Version 12.00
# Visual Studio 15
VisualStudioVersion = 15.0.27130.2036
MinimumVisualStudioVersion = 10.0.40219.1
Project("{FAE04EC0-301F-11D3-BF4B-00C04F79EFBC}") = "drawingmaster", "drawingmaster\drawingmaster.csproj", "{0F3BC4FF-A140-42D5-ACB6-403A0D066CBB}"
EndProject
Global
	GlobalSection(SolutionConfigurationPlatforms) = preSolution
		Debug|Any CPU = Debug|Any CPU
		Release|Any CPU = Release|Any CPU
	EndGlobalSection
	GlobalSection(ProjectConfigurationPlatforms) = postSolution
		{0F3BC4FF-A140-42D5-ACB6-403A0D066CBB}.Debug|Any CPU.ActiveCfg = Debug|Any CPU
		{0F3BC4FF-A140-42D5-ACB6-403A0D066CBB}.Debug|Any CPU.Build.0 = Debug|Any CPU
		{0F3BC4FF-A140-42D5-ACB6-403A0D066CBB}.Release|Any CPU.ActiveCfg = Release|Any CPU
		{0F3BC4FF-A140-42D5-ACB6-403A0D066CBB}.Release|Any CPU.Build.0 = Release|Any CPU
	EndGlobalSection
	GlobalSection(SolutionProperties) = preSolution
		HideSolutionNode = FALSE
	EndGlobalSection
	GlobalSection(ExtensibilityGlobals) = postSolution
		SolutionGuid = {6E19AEEE-9451-4DD0-8520-1A9397FBE25A}
	EndGlobalSection
EndGlobal
